{
  "name": "simon/rialto-neo4j-driver",
  "version": "0.1.0",
  "lockfileVersion": 1,
  "requires": true,
  "dependencies": {
    "@nesk/rialto": {
      "version": "1.3.0",
      "resolved": "https://registry.npmjs.org/@nesk/rialto/-/rialto-1.3.0.tgz",
      "integrity": "sha512-rrW3A7Z149/ez3cnv6JKvH4TfxTGU0pM+/olllO/HqwzDP3tC5PqXVS81QEty6zE7MiJ59om8X8CX1gaJLtQAg==",
      "requires": {
        "lodash": "^4.17.10"
      }
    },
    "lodash": {
      "version": "4.17.21",
      "resolved": "https://registry.npmjs.org/lodash/-/lodash-4.17.21.tgz",
      "integrity": "sha512-v2kDEe57lecTulaDIuNTPy3Ry4gLGJ6Z1O3vE1krgXZNrsQ+LFTGHVxVjcXPs17LhbZVGedAJv8XZ1tvj5FvSg=="
    }
  }
}
